Microsoft Visual Studio Solution File, Format Version 12.00
# Visual Studio Version 17
VisualStudioVersion = 17.5.2.0
MinimumVisualStudioVersion = 10.0.40219.1
Project("{FAE04EC0-301F-11D3-BF4B-00C04F79EFBC}") = "ASP", "ASP\ASP.csproj", "{DF4BA8A0-73EE-2C3D-6B2F-B3BE0A97676D}"
EndProject
Global
	GlobalSection(SolutionConfigurationPlatforms) = preSolution
		Debug|Any CPU = Debug|Any CPU
		Release|Any CPU = Release|Any CPU
	EndGlobalSection
	GlobalSection(ProjectConfigurationPlatforms) = postSolution
		{DF4BA8A0-73EE-2C3D-6B2F-B3BE0A97676D}.Debug|Any CPU.ActiveCfg = Debug|Any CPU
		{DF4BA8A0-73EE-2C3D-6B2F-B3BE0A97676D}.Debug|Any CPU.Build.0 = Debug|Any CPU
		{DF4BA8A0-73EE-2C3D-6B2F-B3BE0A97676D}.Release|Any CPU.ActiveCfg = Release|Any CPU
		{DF4BA8A0-73EE-2C3D-6B2F-B3BE0A97676D}.Release|Any CPU.Build.0 = Release|Any CPU
	EndGlobalSection
	GlobalSection(SolutionProperties) = preSolution
		HideSolutionNode = FALSE
	EndGlobalSection
	GlobalSection(ExtensibilityGlobals) = postSolution
		SolutionGuid = {069240D6-B7DC-4622-823B-1FADAB7433BD}
	EndGlobalSection
EndGlobal
